
Microsoft Visual Studio Solution File, Format Version 12.00
# Visual Studio Version 17
VisualStudioVersion = 17.14.36705.20 d17.14
MinimumVisualStudioVersion = 10.0.40219.1
Project("{FAE04EC0-301F-11D3-BF4B-00C04F79EFBC}") = "SuperOfficeGenerator", "SuperOfficeGenerator.csproj", "{881D8D36-C1AA-BBBB-D53B-B953D0BBBEA7}"
EndProject
Global
	GlobalSection(SolutionConfigurationPlatforms) = preSolution
		Debug|Any CPU = Debug|Any CPU
		Release|Any CPU = Release|Any CPU
	EndGlobalSection
	GlobalSection(ProjectConfigurationPlatforms) = postSolution
		{881D8D36-C1AA-BBBB-D53B-B953D0BBBEA7}.Debug|Any CPU.ActiveCfg = Debug|Any CPU
		{881D8D36-C1AA-BBBB-D53B-B953D0BBBEA7}.Debug|Any CPU.Build.0 = Debug|Any CPU
		{881D8D36-C1AA-BBBB-D53B-B953D0BBBEA7}.Release|Any CPU.ActiveCfg = Release|Any CPU
		{881D8D36-C1AA-BBBB-D53B-B953D0BBBEA7}.Release|Any CPU.Build.0 = Release|Any CPU
	EndGlobalSection
	GlobalSection(SolutionProperties) = preSolution
		HideSolutionNode = FALSE
	EndGlobalSection
	GlobalSection(ExtensibilityGlobals) = postSolution
		SolutionGuid = {166E983E-BBBE-4CD6-87B1-4174F909122B}
	EndGlobalSection
EndGlobal
